{
  "name": "pipi",
  "version": "1.0.0",
  "lockfileVersion": 1,
  "requires": true,
  "dependencies": {
    "ajax-hook": {
      "version": "1.8.1",
      "resolved": "https://registry.npmjs.org/ajax-hook/-/ajax-hook-1.8.1.tgz",
      "integrity": "sha512-RfmwsjWJyYwjdBOhlrLqzcAVj8kcfELYKBs+ZSOXl3MgdiXBo0soSG7X2EazeAVyCDoTi1ylCyX2X5KMCr+9vg=="
    }
  }
}
